# This file is automatically @generated by Cargo.
# It is not intended for manual editing.
version = 3

[[package]]
name = "async-once-cell"
version = "0.4.2"
source = "registry+https://github.com/rust-lang/crates.io-index"
checksum = "f61305cacf1d0c5c9d3ee283d22f8f1f8c743a18ceb44a1b102bd53476c141de"

[[package]]
name = "once_cell"
version = "1.13.0"
source = "registry+https://github.com/rust-lang/crates.io-index"
checksum = "18a6dbe30758c9f83eb00cbea4ac95966305f5a7772f3f42ebfc7fc7eddbd8e1"

[[package]]
name = "test-singleton"
version = "0.1.0"
dependencies = [
 "async-once-cell",
 "once_cell",
]
